{
  "name": "jonathan-lindquist-skills",
  "lockfileVersion": 3,
  "requires": true,
  "packages": {
    "": {
      "name": "jonathan-lindquist-skills",
      "dependencies": {
        "skill-organizer": "https://codeload.github.com/jonathanLindquist/skill-organizer/tar.gz/416a7b793be929e6ed071f9abeb019b5fe0f9e47"
      },
      "engines": {
        "node": ">=20"
      }
    },
    "node_modules/skill-organizer": {
      "version": "0.1.0",
      "resolved": "https://codeload.github.com/jonathanLindquist/skill-organizer/tar.gz/416a7b793be929e6ed071f9abeb019b5fe0f9e47",
      "integrity": "sha512-kxTOl5hWzsgaVMA7BnSXl7uzHSqhZwDoQb0YDz1rlLlr7CiAtXCVfMUbKiN/Hng8QXE04yOEt5mNvQx7Q/FvPQ==",
      "bin": {
        "skill-organizer": "bin/skill-organizer.js"
      },
      "engines": {
        "node": ">=20"
      }
    }
  }
}
