{
  "name": "jonathan-lindquist-skills",
  "lockfileVersion": 3,
  "requires": true,
  "packages": {
    "": {
      "name": "jonathan-lindquist-skills",
      "dependencies": {
        "agent-sync": "https://codeload.github.com/jonathanLindquist/agent-sync/tar.gz/db3ef69918ecbadf35e331ab62e5eaac5855a12c"
      },
      "engines": {
        "node": ">=20"
      }
    },
    "node_modules/agent-sync": {
      "version": "0.1.0",
      "resolved": "https://codeload.github.com/jonathanLindquist/agent-sync/tar.gz/db3ef69918ecbadf35e331ab62e5eaac5855a12c",
      "bin": {
        "agent-sync": "bin/agent-sync.js",
        "skill-organizer": "bin/skill-organizer.js"
      },
      "engines": {
        "node": ">=20"
      }
    }
  }
}
